
Microsoft Visual Studio Solution File, Format Version 12.00
# Visual Studio Version 16
VisualStudioVersion = 16.0.29806.167
MinimumVisualStudioVersion = 10.0.40219.1
Project("{8BC9CEB8-8B4A-11D0-8D11-00A0C91BC942}") = "Parallel_Reduction_A01272385", "Parallel_Reduction_A01272385.vcxproj", "{0C3E6A7B-12BF-4A3C-A623-CEED5E81A1BB}"
EndProject
Global
	GlobalSection(SolutionConfigurationPlatforms) = preSolution
		Debug|x64 = Debug|x64
		Debug|x86 = Debug|x86
		Release|x64 = Release|x64
		Release|x86 = Release|x86
	EndGlobalSection
	GlobalSection(ProjectConfigurationPlatforms) = postSolution
		{0C3E6A7B-12BF-4A3C-A623-CEED5E81A1BB}.Debug|x64.ActiveCfg = Debug|x64
		{0C3E6A7B-12BF-4A3C-A623-CEED5E81A1BB}.Debug|x64.Build.0 = Debug|x64
		{0C3E6A7B-12BF-4A3C-A623-CEED5E81A1BB}.Debug|x86.ActiveCfg = Debug|Win32
		{0C3E6A7B-12BF-4A3C-A623-CEED5E81A1BB}.Debug|x86.Build.0 = Debug|Win32
		{0C3E6A7B-12BF-4A3C-A623-CEED5E81A1BB}.Release|x64.ActiveCfg = Release|x64
		{0C3E6A7B-12BF-4A3C-A623-CEED5E81A1BB}.Release|x64.Build.0 = Release|x64
		{0C3E6A7B-12BF-4A3C-A623-CEED5E81A1BB}.Release|x86.ActiveCfg = Release|Win32
		{0C3E6A7B-12BF-4A3C-A623-CEED5E81A1BB}.Release|x86.Build.0 = Release|Win32
	EndGlobalSection
	GlobalSection(SolutionProperties) = preSolution
		HideSolutionNode = FALSE
	EndGlobalSection
	GlobalSection(ExtensibilityGlobals) = postSolution
		SolutionGuid = {C87DA866-69F0-4EB2-9AAD-715F53874098}
	EndGlobalSection
EndGlobal
