
Microsoft Visual Studio Solution File, Format Version 12.00
# Visual Studio Version 16
VisualStudioVersion = 16.0.29806.167
MinimumVisualStudioVersion = 10.0.40219.1
Project("{8BC9CEB8-8B4A-11D0-8D11-00A0C91BC942}") = "PruebasFinalesOMP", "PruebasFinalesOMP.vcxproj", "{DAAFA338-AA13-434F-8E93-9DCF0F17FB2F}"
EndProject
Global
	GlobalSection(SolutionConfigurationPlatforms) = preSolution
		Debug|x64 = Debug|x64
		Debug|x86 = Debug|x86
		Release|x64 = Release|x64
		Release|x86 = Release|x86
	EndGlobalSection
	GlobalSection(ProjectConfigurationPlatforms) = postSolution
		{DAAFA338-AA13-434F-8E93-9DCF0F17FB2F}.Debug|x64.ActiveCfg = Debug|x64
		{DAAFA338-AA13-434F-8E93-9DCF0F17FB2F}.Debug|x64.Build.0 = Debug|x64
		{DAAFA338-AA13-434F-8E93-9DCF0F17FB2F}.Debug|x86.ActiveCfg = Debug|Win32
		{DAAFA338-AA13-434F-8E93-9DCF0F17FB2F}.Debug|x86.Build.0 = Debug|Win32
		{DAAFA338-AA13-434F-8E93-9DCF0F17FB2F}.Release|x64.ActiveCfg = Release|x64
		{DAAFA338-AA13-434F-8E93-9DCF0F17FB2F}.Release|x64.Build.0 = Release|x64
		{DAAFA338-AA13-434F-8E93-9DCF0F17FB2F}.Release|x86.ActiveCfg = Release|Win32
		{DAAFA338-AA13-434F-8E93-9DCF0F17FB2F}.Release|x86.Build.0 = Release|Win32
	EndGlobalSection
	GlobalSection(SolutionProperties) = preSolution
		HideSolutionNode = FALSE
	EndGlobalSection
	GlobalSection(ExtensibilityGlobals) = postSolution
		SolutionGuid = {333111FC-4815-4EF9-A701-CD157AD74CE4}
	EndGlobalSection
EndGlobal
